
Microsoft Visual Studio Solution File, Format Version 12.00
# Visual Studio Version 16
VisualStudioVersion = 16.0.31729.503
MinimumVisualStudioVersion = 10.0.40219.1
Project("{9A19103F-16F7-4668-BE54-9A1E7A4F7556}") = "Guessing Game 1", "Guessing Game 1.csproj", "{826B9A85-DE52-416D-8762-B9057FFFBDEE}"
EndProject
Global
	GlobalSection(SolutionConfigurationPlatforms) = preSolution
		Debug|Any CPU = Debug|Any CPU
		Release|Any CPU = Release|Any CPU
	EndGlobalSection
	GlobalSection(ProjectConfigurationPlatforms) = postSolution
		{826B9A85-DE52-416D-8762-B9057FFFBDEE}.Debug|Any CPU.ActiveCfg = Debug|Any CPU
		{826B9A85-DE52-416D-8762-B9057FFFBDEE}.Debug|Any CPU.Build.0 = Debug|Any CPU
		{826B9A85-DE52-416D-8762-B9057FFFBDEE}.Release|Any CPU.ActiveCfg = Release|Any CPU
		{826B9A85-DE52-416D-8762-B9057FFFBDEE}.Release|Any CPU.Build.0 = Release|Any CPU
	EndGlobalSection
	GlobalSection(SolutionProperties) = preSolution
		HideSolutionNode = FALSE
	EndGlobalSection
	GlobalSection(ExtensibilityGlobals) = postSolution
		SolutionGuid = {5DADBEC1-CECF-489B-9BD0-8B7A8682D467}
	EndGlobalSection
EndGlobal
